
Microsoft Visual Studio Solution File, Format Version 12.00
# Visual Studio 15
VisualStudioVersion = 15.0.28010.2046
MinimumVisualStudioVersion = 10.0.40219.1
Project("{9A19103F-16F7-4668-BE54-9A1E7A4F7556}") = "PurchasesRegistry", "PurchasesRegistry\PurchasesRegistry.csproj", "{99ABFE42-6902-4FD2-8513-B98D7C174B63}"
EndProject
Project("{9A19103F-16F7-4668-BE54-9A1E7A4F7556}") = "PurchasesRegistry.DAL", "PurchasesRegistry.DAL\PurchasesRegistry.DAL.csproj", "{450A4BF2-4A19-401A-BB03-11424FBD56E3}"
EndProject
Project("{FAE04EC0-301F-11D3-BF4B-00C04F79EFBC}") = "PurchasesRegistry.Logic", "PurchasesRegistry.Logic\PurchasesRegistry.Logic.csproj", "{ACAA6273-9294-455B-ABF6-E3408D5682E2}"
EndProject
Global
	GlobalSection(SolutionConfigurationPlatforms) = preSolution
		Debug|Any CPU = Debug|Any CPU
		Release|Any CPU = Release|Any CPU
	EndGlobalSection
	GlobalSection(ProjectConfigurationPlatforms) = postSolution
		{99ABFE42-6902-4FD2-8513-B98D7C174B63}.Debug|Any CPU.ActiveCfg = Debug|Any CPU
		{99ABFE42-6902-4FD2-8513-B98D7C174B63}.Debug|Any CPU.Build.0 = Debug|Any CPU
		{99ABFE42-6902-4FD2-8513-B98D7C174B63}.Release|Any CPU.ActiveCfg = Release|Any CPU
		{99ABFE42-6902-4FD2-8513-B98D7C174B63}.Release|Any CPU.Build.0 = Release|Any CPU
		{450A4BF2-4A19-401A-BB03-11424FBD56E3}.Debug|Any CPU.ActiveCfg = Debug|Any CPU
		{450A4BF2-4A19-401A-BB03-11424FBD56E3}.Debug|Any CPU.Build.0 = Debug|Any CPU
		{450A4BF2-4A19-401A-BB03-11424FBD56E3}.Release|Any CPU.ActiveCfg = Release|Any CPU
		{450A4BF2-4A19-401A-BB03-11424FBD56E3}.Release|Any CPU.Build.0 = Release|Any CPU
		{ACAA6273-9294-455B-ABF6-E3408D5682E2}.Debug|Any CPU.ActiveCfg = Debug|Any CPU
		{ACAA6273-9294-455B-ABF6-E3408D5682E2}.Debug|Any CPU.Build.0 = Debug|Any CPU
		{ACAA6273-9294-455B-ABF6-E3408D5682E2}.Release|Any CPU.ActiveCfg = Release|Any CPU
		{ACAA6273-9294-455B-ABF6-E3408D5682E2}.Release|Any CPU.Build.0 = Release|Any CPU
	EndGlobalSection
	GlobalSection(SolutionProperties) = preSolution
		HideSolutionNode = FALSE
	EndGlobalSection
	GlobalSection(ExtensibilityGlobals) = postSolution
		SolutionGuid = {EAD8A894-964F-4782-B237-92E1A874A4EB}
	EndGlobalSection
EndGlobal
